// !$*UTF8*$!
{
	archiveVersion = 1;
	classes = {
	};
	objectVersion = 50;
	objects = {

/* Begin PBXBuildFile section */
		01E3848424BE407800BEC16A /* AppDelegate.swift in Sources */ = {isa = PBXBuildFile; fileRef = 01E3848324BE407800BEC16A /* AppDelegate.swift */; };
		01E3848624BE407800BEC16A /* SceneDelegate.swift in Sources */ = {isa = PBXBuildFile; fileRef = 01E3848524BE407800BEC16A /* SceneDelegate.swift */; };
		01E3848824BE407800BEC16A /* ViewController.swift in Sources */ = {isa = PBXBuildFile; fileRef = 01E3848724BE407800BEC16A /* ViewController.swift */; };
		01E3848B24BE407800BEC16A /* Main.storyboard in Resources */ = {isa = PBXBuildFile; fileRef = 01E3848924BE407800BEC16A /* Main.storyboard */; };
		01E3848E24BE407800BEC16A /* Github_Experoment.xcdatamodeld in Sources */ = {isa = PBXBuildFile; fileRef = 01E3848C24BE407800BEC16A /* Github_Experoment.xcdatamodeld */; };
		01E3849024BE407A00BEC16A /* Assets.xcassets in Resources */ = {isa = PBXBuildFile; fileRef = 01E3848F24BE407A00BEC16A /* Assets.xcassets */; };
		01E3849324BE407A00BEC16A /* LaunchScreen.storyboard in Resources */ = {isa = PBXBuildFile; fileRef = 01E3849124BE407A00BEC16A /* LaunchScreen.storyboard */; };
		01E3849E24BE407A00BEC16A /* Github_ExperomentTests.swift in Sources */ = {isa = PBXBuildFile; fileRef = 01E3849D24BE407A00BEC16A /* Github_ExperomentTests.swift */; };
		01E384A924BE407A00BEC16A /* Github_ExperomentUITests.swift in Sources */ = {isa = PBXBuildFile; fileRef = 01E384A824BE407A00BEC16A /* Github_ExperomentUITests.swift */; };
/* End PBXBuildFile section */

/* Begin PBXContainerItemProxy section */
		01E3849A24BE407A00BEC16A /* PBXContainerItemProxy */ = {
			isa = PBXContainerItemProxy;
			containerPortal = 01E3847824BE407800BEC16A /* Project object */;
			proxyType = 1;
			remoteGlobalIDString = 01E3847F24BE407800BEC16A;
			remoteInfo = "Github Experoment";
		};
		01E384A524BE407A00BEC16A /* PBXContainerItemProxy */ = {
			isa = PBXContainerItemProxy;
			containerPortal = 01E3847824BE407800BEC16A /* Project object */;
			proxyType = 1;
			remoteGlobalIDString = 01E3847F24BE407800BEC16A;
			remoteInfo = "Github Experoment";
		};
/* End PBXContainerItemProxy section */

/* Begin PBXFileReference section */
		01E3848024BE407800BEC16A /* Github Experoment.app */ = {isa = PBXFileReference; explicitFileType = wrapper.application; includeInIndex = 0; path = "Github Experoment.app"; sourceTree = BUILT_PRODUCTS_DIR; };
		01E3848324BE407800BEC16A /* AppDelegate.swift */ = {isa = PBXFileReference; lastKnownFileType = sourcecode.swift; path = AppDelegate.swift; sourceTree = "<group>"; };
		01E3848524BE407800BEC16A /* SceneDelegate.swift */ = {isa = PBXFileReference; lastKnownFileType = sourcecode.swift; path = SceneDelegate.swift; sourceTree = "<group>"; };
		01E3848724BE407800BEC16A /* ViewController.swift */ = {isa = PBXFileReference; lastKnownFileType = sourcecode.swift; path = ViewController.swift; sourceTree = "<group>"; };
		01E3848A24BE407800BEC16A /* Base */ = {isa = PBXFileReference; lastKnownFileType = file.storyboard; name = Base; path = Base.lproj/Main.storyboard; sourceTree = "<group>"; };
		01E3848D24BE407800BEC16A /* Github_Experoment.xcdatamodel */ = {isa = PBXFileReference; lastKnownFileType = wrapper.xcdatamodel; path = Github_Experoment.xcdatamodel; sourceTree = "<group>"; };
		01E3848F24BE407A00BEC16A /* Assets.xcassets */ = {isa = PBXFileReference; lastKnownFileType = folder.assetcatalog; path = Assets.xcassets; sourceTree = "<group>"; };
		01E3849224BE407A00BEC16A /* Base */ = {isa = PBXFileReference; lastKnownFileType = file.storyboard; name = Base; path = Base.lproj/LaunchScreen.storyboard; sourceTree = "<group>"; };
		01E3849424BE407A00BEC16A /* Info.plist */ = {isa = PBXFileReference; lastKnownFileType = text.plist.xml; path = Info.plist; sourceTree = "<group>"; };
		01E3849924BE407A00BEC16A /* Github ExperomentTests.xctest */ = {isa = PBXFileReference; explicitFileType = wrapper.cfbundle; includeInIndex = 0; path = "Github ExperomentTests.xctest"; sourceTree = BUILT_PRODUCTS_DIR; };
		01E3849D24BE407A00BEC16A /* Github_ExperomentTests.swift */ = {isa = PBXFileReference; lastKnownFileType = sourcecode.swift; path = Github_ExperomentTests.swift; sourceTree = "<group>"; };
		01E3849F24BE407A00BEC16A /* Info.plist */ = {isa = PBXFileReference; lastKnownFileType = text.plist.xml; path = Info.plist; sourceTree = "<group>"; };
		01E384A424BE407A00BEC16A /* Github ExperomentUITests.xctest */ = {isa = PBXFileReference; explicitFileType = wrapper.cfbundle; includeInIndex = 0; path = "Github ExperomentUITests.xctest"; sourceTree = BUILT_PRODUCTS_DIR; };
		01E384A824BE407A00BEC16A /* Github_ExperomentUITests.swift */ = {isa = PBXFileReference; lastKnownFileType = sourcecode.swift; path = Github_ExperomentUITests.swift; sourceTree = "<group>"; };
		01E384AA24BE407A00BEC16A /* Info.plist */ = {isa = PBXFileReference; lastKnownFileType = text.plist.xml; path = Info.plist; sourceTree = "<group>"; };
/* End PBXFileReference section */

/* Begin PBXFrameworksBuildPhase section */
		01E3847D24BE407800BEC16A /* Frameworks */ = {
			isa = PBXFrameworksBuildPhase;
			buildActionMask = 2147483647;
			files = (
			);
			runOnlyForDeploymentPostprocessing = 0;
		};
		01E3849624BE407A00BEC16A /* Frameworks */ = {
			isa = PBXFrameworksBuildPhase;
			buildActionMask = 2147483647;
			files = (
			);
			runOnlyForDeploymentPostprocessing = 0;
		};
		01E384A124BE407A00BEC16A /* Frameworks */ = {
			isa = PBXFrameworksBuildPhase;
			buildActionMask = 2147483647;
			files = (
			);
			runOnlyForDeploymentPostprocessing = 0;
		};
/* End PBXFrameworksBuildPhase section */

/* Begin PBXGroup section */
		01E3847724BE407800BEC16A = {
			isa = PBXGroup;
			children = (
				01E3848224BE407800BEC16A /* Github Experoment */,
				01E3849C24BE407A00BEC16A /* Github ExperomentTests */,
				01E384A724BE407A00BEC16A /* Github ExperomentUITests */,
				01E3848124BE407800BEC16A /* Products */,
			);
			sourceTree = "<group>";
		};
		01E3848124BE407800BEC16A /* Products */ = {
			isa = PBXGroup;
			children = (
				01E3848024BE407800BEC16A /* Github Experoment.app */,
				01E3849924BE407A00BEC16A /* Github ExperomentTests.xctest */,
				01E384A424BE407A00BEC16A /* Github ExperomentUITests.xctest */,
			);
			name = Products;
			sourceTree = "<group>";
		};
		01E3848224BE407800BEC16A /* Github Experoment */ = {
			isa = PBXGroup;
			children = (
				01E3848324BE407800BEC16A /* AppDelegate.swift */,
				01E3848524BE407800BEC16A /* SceneDelegate.swift */,
				01E3848724BE407800BEC16A /* ViewController.swift */,
				01E3848924BE407800BEC16A /* Main.storyboard */,
				01E3848F24BE407A00BEC16A /* Assets.xcassets */,
				01E3849124BE407A00BEC16A /* LaunchScreen.storyboard */,
				01E3849424BE407A00BEC16A /* Info.plist */,
				01E3848C24BE407800BEC16A /* Github_Experoment.xcdatamodeld */,
			);
			path = "Github Experoment";
			sourceTree = "<group>";
		};
		01E3849C24BE407A00BEC16A /* Github ExperomentTests */ = {
			isa = PBXGroup;
			children = (
				01E3849D24BE407A00BEC16A /* Github_ExperomentTests.swift */,
				01E3849F24BE407A00BEC16A /* Info.plist */,
			);
			path = "Github ExperomentTests";
			sourceTree = "<group>";
		};
		01E384A724BE407A00BEC16A /* Github ExperomentUITests */ = {
			isa = PBXGroup;
			children = (
				01E384A824BE407A00BEC16A /* Github_ExperomentUITests.swift */,
				01E384AA24BE407A00BEC16A /* Info.plist */,
			);
			path = "Github ExperomentUITests";
			sourceTree = "<group>";
		};
/* End PBXGroup section */

/* Begin PBXNativeTarget section */
		01E3847F24BE407800BEC16A /* Github Experoment */ = {
			isa = PBXNativeTarget;
			buildConfigurationList = 01E384AD24BE407A00BEC16A /* Build configuration list for PBXNativeTarget "Github Experoment" */;
			buildPhases = (
				01E3847C24BE407800BEC16A /* Sources */,
				01E3847D24BE407800BEC16A /* Frameworks */,
				01E3847E24BE407800BEC16A /* Resources */,
			);
			buildRules = (
			);
			dependencies = (
			);
			name = "Github Experoment";
			productName = "Github Experoment";
			productReference = 01E3848024BE407800BEC16A /* Github Experoment.app */;
			productType = "com.apple.product-type.application";
		};
		01E3849824BE407A00BEC16A /* Github ExperomentTests */ = {
			isa = PBXNativeTarget;
			buildConfigurationList = 01E384B024BE407A00BEC16A /* Build configuration list for PBXNativeTarget "Github ExperomentTests" */;
			buildPhases = (
				01E3849524BE407A00BEC16A /* Sources */,
				01E3849624BE407A00BEC16A /* Frameworks */,
				01E3849724BE407A00BEC16A /* Resources */,
			);
			buildRules = (
			);
			dependencies = (
				01E3849B24BE407A00BEC16A /* PBXTargetDependency */,
			);
			name = "Github ExperomentTests";
			productName = "Github ExperomentTests";
			productReference = 01E3849924BE407A00BEC16A /* Github ExperomentTests.xctest */;
			productType = "com.apple.product-type.bundle.unit-test";
		};
		01E384A324BE407A00BEC16A /* Github ExperomentUITests */ = {
			isa = PBXNativeTarget;
			buildConfigurationList = 01E384B324BE407A00BEC16A /* Build configuration list for PBXNativeTarget "Github ExperomentUITests" */;
			buildPhases = (
				01E384A024BE407A00BEC16A /* Sources */,
				01E384A124BE407A00BEC16A /* Frameworks */,
				01E384A224BE407A00BEC16A /* Resources */,
			);
			buildRules = (
			);
			dependencies = (
				01E384A624BE407A00BEC16A /* PBXTargetDependency */,
			);
			name = "Github ExperomentUITests";
			productName = "Github ExperomentUITests";
			productReference = 01E384A424BE407A00BEC16A /* Github ExperomentUITests.xctest */;
			productType = "com.apple.product-type.bundle.ui-testing";
		};
/* End PBXNativeTarget section */

/* Begin PBXProject section */
		01E3847824BE407800BEC16A /* Project object */ = {
			isa = PBXProject;
			attributes = {
				LastSwiftUpdateCheck = 1150;
				LastUpgradeCheck = 1150;
				ORGANIZATIONNAME = Kaavya;
				TargetAttributes = {
					01E3847F24BE407800BEC16A = {
						CreatedOnToolsVersion = 11.5;
					};
					01E3849824BE407A00BEC16A = {
						CreatedOnToolsVersion = 11.5;
						TestTargetID = 01E3847F24BE407800BEC16A;
					};
					01E384A324BE407A00BEC16A = {
						CreatedOnToolsVersion = 11.5;
						TestTargetID = 01E3847F24BE407800BEC16A;
					};
				};
			};
			buildConfigurationList = 01E3847B24BE407800BEC16A /* Build configuration list for PBXProject "Github Experoment" */;
			compatibilityVersion = "Xcode 9.3";
			developmentRegion = en;
			hasScannedForEncodings = 0;
			knownRegions = (
				en,
				Base,
			);
			mainGroup = 01E3847724BE407800BEC16A;
			productRefGroup = 01E3848124BE407800BEC16A /* Products */;
			projectDirPath = "";
			projectRoot = "";
			targets = (
				01E3847F24BE407800BEC16A /* Github Experoment */,
				01E3849824BE407A00BEC16A /* Github ExperomentTests */,
				01E384A324BE407A00BEC16A /* Github ExperomentUITests */,
			);
		};
/* End PBXProject section */

/* Begin PBXResourcesBuildPhase section */
		01E3847E24BE407800BEC16A /* Resources */ = {
			isa = PBXResourcesBuildPhase;
			buildActionMask = 2147483647;
			files = (
				01E3849324BE407A00BEC16A /* LaunchScreen.storyboard in Resources */,
				01E3849024BE407A00BEC16A /* Assets.xcassets in Resources */,
				01E3848B24BE407800BEC16A /* Main.storyboard in Resources */,
			);
			runOnlyForDeploymentPostprocessing = 0;
		};
		01E3849724BE407A00BEC16A /* Resources */ = {
			isa = PBXResourcesBuildPhase;
			buildActionMask = 2147483647;
			files = (
			);
			runOnlyForDeploymentPostprocessing = 0;
		};
		01E384A224BE407A00BEC16A /* Resources */ = {
			isa = PBXResourcesBuildPhase;
			buildActionMask = 2147483647;
			files = (
			);
			runOnlyForDeploymentPostprocessing = 0;
		};
/* End PBXResourcesBuildPhase section */

/* Begin PBXSourcesBuildPhase section */
		01E3847C24BE407800BEC16A /* Sources */ = {
			isa = PBXSourcesBuildPhase;
			buildActionMask = 2147483647;
			files = (
				01E3848824BE407800BEC16A /* ViewController.swift in Sources */,
				01E3848424BE407800BEC16A /* AppDelegate.swift in Sources */,
				01E3848624BE407800BEC16A /* SceneDelegate.swift in Sources */,
				01E3848E24BE407800BEC16A /* Github_Experoment.xcdatamodeld in Sources */,
			);
			runOnlyForDeploymentPostprocessing = 0;
		};
		01E3849524BE407A00BEC16A /* Sources */ = {
			isa = PBXSourcesBuildPhase;
			buildActionMask = 2147483647;
			files = (
				01E3849E24BE407A00BEC16A /* Github_ExperomentTests.swift in Sources */,
			);
			runOnlyForDeploymentPostprocessing = 0;
		};
		01E384A024BE407A00BEC16A /* Sources */ = {
			isa = PBXSourcesBuildPhase;
			buildActionMask = 2147483647;
			files = (
				01E384A924BE407A00BEC16A /* Github_ExperomentUITests.swift in Sources */,
			);
			runOnlyForDeploymentPostprocessing = 0;
		};
/* End PBXSourcesBuildPhase section */

/* Begin PBXTargetDependency section */
		01E3849B24BE407A00BEC16A /* PBXTargetDependency */ = {
			isa = PBXTargetDependency;
			target = 01E3847F24BE407800BEC16A /* Github Experoment */;
			targetProxy = 01E3849A24BE407A00BEC16A /* PBXContainerItemProxy */;
		};
		01E384A624BE407A00BEC16A /* PBXTargetDependency */ = {
			isa = PBXTargetDependency;
			target = 01E3847F24BE407800BEC16A /* Github Experoment */;
			targetProxy = 01E384A524BE407A00BEC16A /* PBXContainerItemProxy */;
		};
/* End PBXTargetDependency section */

/* Begin PBXVariantGroup section */
		01E3848924BE407800BEC16A /* Main.storyboard */ = {
			isa = PBXVariantGroup;
			children = (
				01E3848A24BE407800BEC16A /* Base */,
			);
			name = Main.storyboard;
			sourceTree = "<group>";
		};
		01E3849124BE407A00BEC16A /* LaunchScreen.storyboard */ = {
			isa = PBXVariantGroup;
			children = (
				01E3849224BE407A00BEC16A /* Base */,
			);
			name = LaunchScreen.storyboard;
			sourceTree = "<group>";
		};
/* End PBXVariantGroup section */

/* Begin XCBuildConfiguration section */
		01E384AB24BE407A00BEC16A /* Debug */ = {
			isa = XCBuildConfiguration;
			buildSettings = {
				ALWAYS_SEARCH_USER_PATHS = NO;
				CLANG_ANALYZER_NONNULL = YES;
				CLANG_ANALYZER_NUMBER_OBJECT_CONVERSION = YES_AGGRESSIVE;
				CLANG_CXX_LANGUAGE_STANDARD = "gnu++14";
				CLANG_CXX_LIBRARY = "libc++";
				CLANG_ENABLE_MODULES = YES;
				CLANG_ENABLE_OBJC_ARC = YES;
				CLANG_ENABLE_OBJC_WEAK = YES;
				CLANG_WARN_BLOCK_CAPTURE_AUTORELEASING = YES;
				CLANG_WARN_BOOL_CONVERSION = YES;
				CLANG_WARN_COMMA = YES;
				CLANG_WARN_CONSTANT_CONVERSION = YES;
				CLANG_WARN_DEPRECATED_OBJC_IMPLEMENTATIONS = YES;
				CLANG_WARN_DIRECT_OBJC_ISA_USAGE = YES_ERROR;
				CLANG_WARN_DOCUMENTATION_COMMENTS = YES;
				CLANG_WARN_EMPTY_BODY = YES;
				CLANG_WARN_ENUM_CONVERSION = YES;
				CLANG_WARN_INFINITE_RECURSION = YES;
				CLANG_WARN_INT_CONVERSION = YES;
				CLANG_WARN_NON_LITERAL_NULL_CONVERSION = YES;
				CLANG_WARN_OBJC_IMPLICIT_RETAIN_SELF = YES;
				CLANG_WARN_OBJC_LITERAL_CONVERSION = YES;
				CLANG_WARN_OBJC_ROOT_CLASS = YES_ERROR;
				CLANG_WARN_RANGE_LOOP_ANALYSIS = YES;
				CLANG_WARN_STRICT_PROTOTYPES = YES;
				CLANG_WARN_SUSPICIOUS_MOVE = YES;
				CLANG_WARN_UNGUARDED_AVAILABILITY = YES_AGGRESSIVE;
				CLANG_WARN_UNREACHABLE_CODE = YES;
				CLANG_WARN__DUPLICATE_METHOD_MATCH = YES;
				COPY_PHASE_STRIP = NO;
				DEBUG_INFORMATION_FORMAT = dwarf;
				ENABLE_STRICT_OBJC_MSGSEND = YES;
				ENABLE_TESTABILITY = YES;
				GCC_C_LANGUAGE_STANDARD = gnu11;
				GCC_DYNAMIC_NO_PIC = NO;
				GCC_NO_COMMON_BLOCKS = YES;
				GCC_OPTIMIZATION_LEVEL = 0;
				GCC_PREPROCESSOR_DEFINITIONS = (
					"DEBUG=1",
					"$(inherited)",
				);
				GCC_WARN_64_TO_32_BIT_CONVERSION = YES;
				GCC_WARN_ABOUT_RETURN_TYPE = YES_ERROR;
				GCC_WARN_UNDECLARED_SELECTOR = YES;
				GCC_WARN_UNINITIALIZED_AUTOS = YES_AGGRESSIVE;
				GCC_WARN_UNUSED_FUNCTION = YES;
				GCC_WARN_UNUSED_VARIABLE = YES;
				IPHONEOS_DEPLOYMENT_TARGET = 13.5;
				MTL_ENABLE_DEBUG_INFO = INCLUDE_SOURCE;
				MTL_FAST_MATH = YES;
				ONLY_ACTIVE_ARCH = YES;
				SDKROOT = iphoneos;
				SWIFT_ACTIVE_COMPILATION_CONDITIONS = DEBUG;
				SWIFT_OPTIMIZATION_LEVEL = "-Onone";
			};
			name = Debug;
		};
		01E384AC24BE407A00BEC16A /* Release */ = {
			isa = XCBuildConfiguration;
			buildSettings = {
				ALWAYS_SEARCH_USER_PATHS = NO;
				CLANG_ANALYZER_NONNULL = YES;
				CLANG_ANALYZER_NUMBER_OBJECT_CONVERSION = YES_AGGRESSIVE;
				CLANG_CXX_LANGUAGE_STANDARD = "gnu++14";
				CLANG_CXX_LIBRARY = "libc++";
				CLANG_ENABLE_MODULES = YES;
				CLANG_ENABLE_OBJC_ARC = YES;
				CLANG_ENABLE_OBJC_WEAK = YES;
				CLANG_WARN_BLOCK_CAPTURE_AUTORELEASING = YES;
				CLANG_WARN_BOOL_CONVERSION = YES;
				CLANG_WARN_COMMA = YES;
				CLANG_WARN_CONSTANT_CONVERSION = YES;
				CLANG_WARN_DEPRECATED_OBJC_IMPLEMENTATIONS = YES;
				CLANG_WARN_DIRECT_OBJC_ISA_USAGE = YES_ERROR;
				CLANG_WARN_DOCUMENTATION_COMMENTS = YES;
				CLANG_WARN_EMPTY_BODY = YES;
				CLANG_WARN_ENUM_CONVERSION = YES;
				CLANG_WARN_INFINITE_RECURSION = YES;
				CLANG_WARN_INT_CONVERSION = YES;
				CLANG_WARN_NON_LITERAL_NULL_CONVERSION = YES;
				CLANG_WARN_OBJC_IMPLICIT_RETAIN_SELF = YES;
				CLANG_WARN_OBJC_LITERAL_CONVERSION = YES;
				CLANG_WARN_OBJC_ROOT_CLASS = YES_ERROR;
				CLANG_WARN_RANGE_LOOP_ANALYSIS = YES;
				CLANG_WARN_STRICT_PROTOTYPES = YES;
				CLANG_WARN_SUSPICIOUS_MOVE = YES;
				CLANG_WARN_UNGUARDED_AVAILABILITY = YES_AGGRESSIVE;
				CLANG_WARN_UNREACHABLE_CODE = YES;
				CLANG_WARN__DUPLICATE_METHOD_MATCH = YES;
				COPY_PHASE_STRIP = NO;
				DEBUG_INFORMATION_FORMAT = "dwarf-with-dsym";
				ENABLE_NS_ASSERTIONS = NO;
				ENABLE_STRICT_OBJC_MSGSEND = YES;
				GCC_C_LANGUAGE_STANDARD = gnu11;
				GCC_NO_COMMON_BLOCKS = YES;
				GCC_WARN_64_TO_32_BIT_CONVERSION = YES;
				GCC_WARN_ABOUT_RETURN_TYPE = YES_ERROR;
				GCC_WARN_UNDECLARED_SELECTOR = YES;
				GCC_WARN_UNINITIALIZED_AUTOS = YES_AGGRESSIVE;
				GCC_WARN_UNUSED_FUNCTION = YES;
				GCC_WARN_UNUSED_VARIABLE = YES;
				IPHONEOS_DEPLOYMENT_TARGET = 13.5;
				MTL_ENABLE_DEBUG_INFO = NO;
				MTL_FAST_MATH = YES;
				SDKROOT = iphoneos;
				SWIFT_COMPILATION_MODE = wholemodule;
				SWIFT_OPTIMIZATION_LEVEL = "-O";
				VALIDATE_PRODUCT = YES;
			};
			name = Release;
		};
		01E384AE24BE407A00BEC16A /* Debug */ = {
			isa = XCBuildConfiguration;
			buildSettings = {
				ASSETCATALOG_COMPILER_APPICON_NAME = AppIcon;
				CODE_SIGN_STYLE = Automatic;
				INFOPLIST_FILE = "Github Experoment/Info.plist";
				LD_RUNPATH_SEARCH_PATHS = (
					"$(inherited)",
					"@executable_path/Frameworks",
				);
				PRODUCT_BUNDLE_IDENTIFIER = "KWK.Github-Experoment";
				PRODUCT_NAME = "$(TARGET_NAME)";
				SWIFT_VERSION = 5.0;
				TARGETED_DEVICE_FAMILY = "1,2";
			};
			name = Debug;
		};
		01E384AF24BE407A00BEC16A /* Release */ = {
			isa = XCBuildConfiguration;
			buildSettings = {
				ASSETCATALOG_COMPILER_APPICON_NAME = AppIcon;
				CODE_SIGN_STYLE = Automatic;
				INFOPLIST_FILE = "Github Experoment/Info.plist";
				LD_RUNPATH_SEARCH_PATHS = (
					"$(inherited)",
					"@executable_path/Frameworks",
				);
				PRODUCT_BUNDLE_IDENTIFIER = "KWK.Github-Experoment";
				PRODUCT_NAME = "$(TARGET_NAME)";
				SWIFT_VERSION = 5.0;
				TARGETED_DEVICE_FAMILY = "1,2";
			};
			name = Release;
		};
		01E384B124BE407A00BEC16A /* Debug */ = {
			isa = XCBuildConfiguration;
			buildSettings = {
				ALWAYS_EMBED_SWIFT_STANDARD_LIBRARIES = YES;
				BUNDLE_LOADER = "$(TEST_HOST)";
				CODE_SIGN_STYLE = Automatic;
				INFOPLIST_FILE = "Github ExperomentTests/Info.plist";
				IPHONEOS_DEPLOYMENT_TARGET = 13.5;
				LD_RUNPATH_SEARCH_PATHS = (
					"$(inherited)",
					"@executable_path/Frameworks",
					"@loader_path/Frameworks",
				);
				PRODUCT_BUNDLE_IDENTIFIER = "KWK.Github-ExperomentTests";
				PRODUCT_NAME = "$(TARGET_NAME)";
				SWIFT_VERSION = 5.0;
				TARGETED_DEVICE_FAMILY = "1,2";
				TEST_HOST = "$(BUILT_PRODUCTS_DIR)/Github Experoment.app/Github Experoment";
			};
			name = Debug;
		};
		01E384B224BE407A00BEC16A /* Release */ = {
			isa = XCBuildConfiguration;
			buildSettings = {
				ALWAYS_EMBED_SWIFT_STANDARD_LIBRARIES = YES;
				BUNDLE_LOADER = "$(TEST_HOST)";
				CODE_SIGN_STYLE = Automatic;
				INFOPLIST_FILE = "Github ExperomentTests/Info.plist";
				IPHONEOS_DEPLOYMENT_TARGET = 13.5;
				LD_RUNPATH_SEARCH_PATHS = (
					"$(inherited)",
					"@executable_path/Frameworks",
					"@loader_path/Frameworks",
				);
				PRODUCT_BUNDLE_IDENTIFIER = "KWK.Github-ExperomentTests";
				PRODUCT_NAME = "$(TARGET_NAME)";
				SWIFT_VERSION = 5.0;
				TARGETED_DEVICE_FAMILY = "1,2";
				TEST_HOST = "$(BUILT_PRODUCTS_DIR)/Github Experoment.app/Github Experoment";
			};
			name = Release;
		};
		01E384B424BE407A00BEC16A /* Debug */ = {
			isa = XCBuildConfiguration;
			buildSettings = {
				ALWAYS_EMBED_SWIFT_STANDARD_LIBRARIES = YES;
				CODE_SIGN_STYLE = Automatic;
				INFOPLIST_FILE = "Github ExperomentUITests/Info.plist";
				LD_RUNPATH_SEARCH_PATHS = (
					"$(inherited)",
					"@executable_path/Frameworks",
					"@loader_path/Frameworks",
				);
				PRODUCT_BUNDLE_IDENTIFIER = "KWK.Github-ExperomentUITests";
				PRODUCT_NAME = "$(TARGET_NAME)";
				SWIFT_VERSION = 5.0;
				TARGETED_DEVICE_FAMILY = "1,2";
				TEST_TARGET_NAME = "Github Experoment";
			};
			name = Debug;
		};
		01E384B524BE407A00BEC16A /* Release */ = {
			isa = XCBuildConfiguration;
			buildSettings = {
				ALWAYS_EMBED_SWIFT_STANDARD_LIBRARIES = YES;
				CODE_SIGN_STYLE = Automatic;
				INFOPLIST_FILE = "Github ExperomentUITests/Info.plist";
				LD_RUNPATH_SEARCH_PATHS = (
					"$(inherited)",
					"@executable_path/Frameworks",
					"@loader_path/Frameworks",
				);
				PRODUCT_BUNDLE_IDENTIFIER = "KWK.Github-ExperomentUITests";
				PRODUCT_NAME = "$(TARGET_NAME)";
				SWIFT_VERSION = 5.0;
				TARGETED_DEVICE_FAMILY = "1,2";
				TEST_TARGET_NAME = "Github Experoment";
			};
			name = Release;
		};
/* End XCBuildConfiguration section */

/* Begin XCConfigurationList section */
		01E3847B24BE407800BEC16A /* Build configuration list for PBXProject "Github Experoment" */ = {
			isa = XCConfigurationList;
			buildConfigurations = (
				01E384AB24BE407A00BEC16A /* Debug */,
				01E384AC24BE407A00BEC16A /* Release */,
			);
			defaultConfigurationIsVisible = 0;
			defaultConfigurationName = Release;
		};
		01E384AD24BE407A00BEC16A /* Build configuration list for PBXNativeTarget "Github Experoment" */ = {
			isa = XCConfigurationList;
			buildConfigurations = (
				01E384AE24BE407A00BEC16A /* Debug */,
				01E384AF24BE407A00BEC16A /* Release */,
			);
			defaultConfigurationIsVisible = 0;
			defaultConfigurationName = Release;
		};
		01E384B024BE407A00BEC16A /* Build configuration list for PBXNativeTarget "Github ExperomentTests" */ = {
			isa = XCConfigurationList;
			buildConfigurations = (
				01E384B124BE407A00BEC16A /* Debug */,
				01E384B224BE407A00BEC16A /* Release */,
			);
			defaultConfigurationIsVisible = 0;
			defaultConfigurationName = Release;
		};
		01E384B324BE407A00BEC16A /* Build configuration list for PBXNativeTarget "Github ExperomentUITests" */ = {
			isa = XCConfigurationList;
			buildConfigurations = (
				01E384B424BE407A00BEC16A /* Debug */,
				01E384B524BE407A00BEC16A /* Release */,
			);
			defaultConfigurationIsVisible = 0;
			defaultConfigurationName = Release;
		};
/* End XCConfigurationList section */

/* Begin XCVersionGroup section */
		01E3848C24BE407800BEC16A /* Github_Experoment.xcdatamodeld */ = {
			isa = XCVersionGroup;
			children = (
				01E3848D24BE407800BEC16A /* Github_Experoment.xcdatamodel */,
			);
			currentVersion = 01E3848D24BE407800BEC16A /* Github_Experoment.xcdatamodel */;
			path = Github_Experoment.xcdatamodeld;
			sourceTree = "<group>";
			versionGroupType = wrapper.xcdatamodel;
		};
/* End XCVersionGroup section */
	};
	rootObject = 01E3847824BE407800BEC16A /* Project object */;
}
